
Microsoft Visual Studio Solution File, Format Version 12.00
# Visual Studio Version 17
VisualStudioVersion = 17.6.33723.286
MinimumVisualStudioVersion = 10.0.40219.1
Project("{FAE04EC0-301F-11D3-BF4B-00C04F79EFBC}") = "CookieAuthDemo", "CookieAuthDemo\CookieAuthDemo.csproj", "{AECB1304-10A6-493C-B252-1624E3C8FAB0}"
EndProject
Global
	GlobalSection(SolutionConfigurationPlatforms) = preSolution
		Debug|Any CPU = Debug|Any CPU
		Release|Any CPU = Release|Any CPU
	EndGlobalSection
	GlobalSection(ProjectConfigurationPlatforms) = postSolution
		{AECB1304-10A6-493C-B252-1624E3C8FAB0}.Debug|Any CPU.ActiveCfg = Debug|Any CPU
		{AECB1304-10A6-493C-B252-1624E3C8FAB0}.Debug|Any CPU.Build.0 = Debug|Any CPU
		{AECB1304-10A6-493C-B252-1624E3C8FAB0}.Release|Any CPU.ActiveCfg = Release|Any CPU
		{AECB1304-10A6-493C-B252-1624E3C8FAB0}.Release|Any CPU.Build.0 = Release|Any CPU
	EndGlobalSection
	GlobalSection(SolutionProperties) = preSolution
		HideSolutionNode = FALSE
	EndGlobalSection
	GlobalSection(ExtensibilityGlobals) = postSolution
		SolutionGuid = {8D548263-F2F3-4A9C-AB21-2ED8C688B3C2}
	EndGlobalSection
EndGlobal
